// !$*UTF8*$!
{
	archiveVersion = 1;
	classes = {
	};
	objectVersion = 63;
	objects = {

/* Begin PBXBuildFile section */
		2768813A7F076B4AC32671C3 /* AudioEngine.swift in Sources */ = {isa = PBXBuildFile; fileRef = CB3C01C4791B04D8CEC9144D /* AudioEngine.swift */; };
		4CC030EEFEDC06B0CB1B0B77 /* SteelPanView.swift in Sources */ = {isa = PBXBuildFile; fileRef = D15E01AC11D033FDF97EBE13 /* SteelPanView.swift */; };
		5322CAD92C6007960DF69205 /* PointInPolygon.swift in Sources */ = {isa = PBXBuildFile; fileRef = FDA8C7AD0EACEAE5E32350DA /* PointInPolygon.swift */; };
		6DEC6D5EEA08A7259957A7F5 /* NoteShape.swift in Sources */ = {isa = PBXBuildFile; fileRef = F80715F60E24EB8CD7EFBF5B /* NoteShape.swift */; };
		7BDB87F841674A280B326FD4 /* PanTouchView.swift in Sources */ = {isa = PBXBuildFile; fileRef = 090A880CC993177F35EDE830 /* PanTouchView.swift */; };
		A0620DCEE85121B1879965F6 /* NoteIdentity.swift in Sources */ = {isa = PBXBuildFile; fileRef = 4079B002157745429A4C1E56 /* NoteIdentity.swift */; };
		B82241337193E78E418C5E5C /* PaniPuriApp.swift in Sources */ = {isa = PBXBuildFile; fileRef = EDF8DE63FE55C4301EDD08A4 /* PaniPuriApp.swift */; };
		CBC8382BE95FE7289CAD368A /* SynthPlayer.swift in Sources */ = {isa = PBXBuildFile; fileRef = 6368977BFD274BB5FC8CB338 /* SynthPlayer.swift */; };
		CF5037C86DDE4EC50564FB90 /* ControlsView.swift in Sources */ = {isa = PBXBuildFile; fileRef = 2F7ACC47D97D7C29EC6855B4 /* ControlsView.swift */; };
		D52E40AD2481001C3F01D1D1 /* CalibrationData.swift in Sources */ = {isa = PBXBuildFile; fileRef = 33A4C7BD8C277F9DB9B23794 /* CalibrationData.swift */; };
		ED6C9D3FE14DD51E16539CAB /* ContentView.swift in Sources */ = {isa = PBXBuildFile; fileRef = 5FB4093CB6F93C50947B3C4A /* ContentView.swift */; };
		F31579E37D4E61A992E6B5DE /* SamplePlayer.swift in Sources */ = {isa = PBXBuildFile; fileRef = 1141AB6A19073B616BABC522 /* SamplePlayer.swift */; };
/* End PBXBuildFile section */

/* Begin PBXFileReference section */
		090A880CC993177F35EDE830 /* PanTouchView.swift */ = {isa = PBXFileReference; lastKnownFileType = sourcecode.swift; path = PanTouchView.swift; sourceTree = "<group>"; };
		1141AB6A19073B616BABC522 /* SamplePlayer.swift */ = {isa = PBXFileReference; lastKnownFileType = sourcecode.swift; path = SamplePlayer.swift; sourceTree = "<group>"; };
		2F7ACC47D97D7C29EC6855B4 /* ControlsView.swift */ = {isa = PBXFileReference; lastKnownFileType = sourcecode.swift; path = ControlsView.swift; sourceTree = "<group>"; };
		33A4C7BD8C277F9DB9B23794 /* CalibrationData.swift */ = {isa = PBXFileReference; lastKnownFileType = sourcecode.swift; path = CalibrationData.swift; sourceTree = "<group>"; };
		4079B002157745429A4C1E56 /* NoteIdentity.swift */ = {isa = PBXFileReference; lastKnownFileType = sourcecode.swift; path = NoteIdentity.swift; sourceTree = "<group>"; };
		5FB4093CB6F93C50947B3C4A /* ContentView.swift */ = {isa = PBXFileReference; lastKnownFileType = sourcecode.swift; path = ContentView.swift; sourceTree = "<group>"; };
		6368977BFD274BB5FC8CB338 /* SynthPlayer.swift */ = {isa = PBXFileReference; lastKnownFileType = sourcecode.swift; path = SynthPlayer.swift; sourceTree = "<group>"; };
		CB3C01C4791B04D8CEC9144D /* AudioEngine.swift */ = {isa = PBXFileReference; lastKnownFileType = sourcecode.swift; path = AudioEngine.swift; sourceTree = "<group>"; };
		D15E01AC11D033FDF97EBE13 /* SteelPanView.swift */ = {isa = PBXFileReference; lastKnownFileType = sourcecode.swift; path = SteelPanView.swift; sourceTree = "<group>"; };
		E061BE371EF90F3E88947E74 /* PaniPuri.app */ = {isa = PBXFileReference; explicitFileType = wrapper.application; includeInIndex = 0; path = PaniPuri.app; sourceTree = BUILT_PRODUCTS_DIR; };
		EDF8DE63FE55C4301EDD08A4 /* PaniPuriApp.swift */ = {isa = PBXFileReference; lastKnownFileType = sourcecode.swift; path = PaniPuriApp.swift; sourceTree = "<group>"; };
		F80715F60E24EB8CD7EFBF5B /* NoteShape.swift */ = {isa = PBXFileReference; lastKnownFileType = sourcecode.swift; path = NoteShape.swift; sourceTree = "<group>"; };
		FDA8C7AD0EACEAE5E32350DA /* PointInPolygon.swift */ = {isa = PBXFileReference; lastKnownFileType = sourcecode.swift; path = PointInPolygon.swift; sourceTree = "<group>"; };
/* End PBXFileReference section */

/* Begin PBXGroup section */
		014D8E8712D3519B03938EBC /* Audio */ = {
			isa = PBXGroup;
			children = (
				CB3C01C4791B04D8CEC9144D /* AudioEngine.swift */,
				1141AB6A19073B616BABC522 /* SamplePlayer.swift */,
				6368977BFD274BB5FC8CB338 /* SynthPlayer.swift */,
			);
			path = Audio;
			sourceTree = "<group>";
		};
		2304BBDA98FB10875CA24D8B /* PaniPuri */ = {
			isa = PBXGroup;
			children = (
				5FB4093CB6F93C50947B3C4A /* ContentView.swift */,
				EDF8DE63FE55C4301EDD08A4 /* PaniPuriApp.swift */,
				014D8E8712D3519B03938EBC /* Audio */,
				8EB87DF43E7AA932688AEBA8 /* Models */,
				A8F42733D6AAF222267AFE6F /* Touch */,
				F7A2966D35DAA45457ABDAB8 /* Views */,
			);
			path = PaniPuri;
			sourceTree = "<group>";
		};
		8EB87DF43E7AA932688AEBA8 /* Models */ = {
			isa = PBXGroup;
			children = (
				33A4C7BD8C277F9DB9B23794 /* CalibrationData.swift */,
				4079B002157745429A4C1E56 /* NoteIdentity.swift */,
				F80715F60E24EB8CD7EFBF5B /* NoteShape.swift */,
			);
			path = Models;
			sourceTree = "<group>";
		};
		A8F42733D6AAF222267AFE6F /* Touch */ = {
			isa = PBXGroup;
			children = (
				090A880CC993177F35EDE830 /* PanTouchView.swift */,
				FDA8C7AD0EACEAE5E32350DA /* PointInPolygon.swift */,
			);
			path = Touch;
			sourceTree = "<group>";
		};
		C87D41CDEA8BAEA70DCFF3DC = {
			isa = PBXGroup;
			children = (
				2304BBDA98FB10875CA24D8B /* PaniPuri */,
				FEC5885E44672B0AD1BC0599 /* Products */,
			);
			sourceTree = "<group>";
		};
		F7A2966D35DAA45457ABDAB8 /* Views */ = {
			isa = PBXGroup;
			children = (
				2F7ACC47D97D7C29EC6855B4 /* ControlsView.swift */,
				D15E01AC11D033FDF97EBE13 /* SteelPanView.swift */,
			);
			path = Views;
			sourceTree = "<group>";
		};
		FEC5885E44672B0AD1BC0599 /* Products */ = {
			isa = PBXGroup;
			children = (
				E061BE371EF90F3E88947E74 /* PaniPuri.app */,
			);
			name = Products;
			sourceTree = "<group>";
		};
/* End PBXGroup section */

/* Begin PBXNativeTarget section */
		94C9A7232B78333D34A59DAA /* PaniPuri */ = {
			isa = PBXNativeTarget;
			buildConfigurationList = 41A15F8839C9E41367F94691 /* Build configuration list for PBXNativeTarget "PaniPuri" */;
			buildPhases = (
				72B85C20FD16801D1E3F4DE2 /* Sources */,
			);
			buildRules = (
			);
			dependencies = (
			);
			name = PaniPuri;
			packageProductDependencies = (
			);
			productName = PaniPuri;
			productReference = E061BE371EF90F3E88947E74 /* PaniPuri.app */;
			productType = "com.apple.product-type.application";
		};
/* End PBXNativeTarget section */

/* Begin PBXProject section */
		A8EEFCD1DF4FDCC6813AB42E /* Project object */ = {
			isa = PBXProject;
			attributes = {
				BuildIndependentTargetsInParallel = YES;
				LastUpgradeCheck = 2620;
			};
			buildConfigurationList = 5921622B7FD4EF3CE5268BE9 /* Build configuration list for PBXProject "PaniPuri" */;
			compatibilityVersion = "Xcode 14.0";
			developmentRegion = en;
			hasScannedForEncodings = 0;
			knownRegions = (
				Base,
				en,
			);
			mainGroup = C87D41CDEA8BAEA70DCFF3DC;
			minimizedProjectReferenceProxies = 1;
			projectDirPath = "";
			projectRoot = "";
			targets = (
				94C9A7232B78333D34A59DAA /* PaniPuri */,
			);
		};
/* End PBXProject section */

/* Begin PBXSourcesBuildPhase section */
		72B85C20FD16801D1E3F4DE2 /* Sources */ = {
			isa = PBXSourcesBuildPhase;
			buildActionMask = 2147483647;
			files = (
				2768813A7F076B4AC32671C3 /* AudioEngine.swift in Sources */,
				D52E40AD2481001C3F01D1D1 /* CalibrationData.swift in Sources */,
				ED6C9D3FE14DD51E16539CAB /* ContentView.swift in Sources */,
				CF5037C86DDE4EC50564FB90 /* ControlsView.swift in Sources */,
				A0620DCEE85121B1879965F6 /* NoteIdentity.swift in Sources */,
				6DEC6D5EEA08A7259957A7F5 /* NoteShape.swift in Sources */,
				7BDB87F841674A280B326FD4 /* PanTouchView.swift in Sources */,
				B82241337193E78E418C5E5C /* PaniPuriApp.swift in Sources */,
				5322CAD92C6007960DF69205 /* PointInPolygon.swift in Sources */,
				F31579E37D4E61A992E6B5DE /* SamplePlayer.swift in Sources */,
				4CC030EEFEDC06B0CB1B0B77 /* SteelPanView.swift in Sources */,
				CBC8382BE95FE7289CAD368A /* SynthPlayer.swift in Sources */,
			);
			runOnlyForDeploymentPostprocessing = 0;
		};
/* End PBXSourcesBuildPhase section */

/* Begin XCBuildConfiguration section */
		29A8A9ABC02ADD0BF12EA0AA /* Release */ = {
			isa = XCBuildConfiguration;
			buildSettings = {
				ALWAYS_SEARCH_USER_PATHS = NO;
				CLANG_ANALYZER_NONNULL = YES;
				CLANG_ANALYZER_NUMBER_OBJECT_CONVERSION = YES_AGGRESSIVE;
				CLANG_CXX_LANGUAGE_STANDARD = "gnu++14";
				CLANG_CXX_LIBRARY = "libc++";
				CLANG_ENABLE_MODULES = YES;
				CLANG_ENABLE_OBJC_ARC = YES;
				CLANG_ENABLE_OBJC_WEAK = YES;
				CLANG_WARN_BLOCK_CAPTURE_AUTORELEASING = YES;
				CLANG_WARN_BOOL_CONVERSION = YES;
				CLANG_WARN_COMMA = YES;
				CLANG_WARN_CONSTANT_CONVERSION = YES;
				CLANG_WARN_DEPRECATED_OBJC_IMPLEMENTATIONS = YES;
				CLANG_WARN_DIRECT_OBJC_ISA_USAGE = YES_ERROR;
				CLANG_WARN_DOCUMENTATION_COMMENTS = YES;
				CLANG_WARN_EMPTY_BODY = YES;
				CLANG_WARN_ENUM_CONVERSION = YES;
				CLANG_WARN_INFINITE_RECURSION = YES;
				CLANG_WARN_INT_CONVERSION = YES;
				CLANG_WARN_NON_LITERAL_NULL_CONVERSION = YES;
				CLANG_WARN_OBJC_IMPLICIT_RETAIN_SELF = YES;
				CLANG_WARN_OBJC_LITERAL_CONVERSION = YES;
				CLANG_WARN_OBJC_ROOT_CLASS = YES_ERROR;
				CLANG_WARN_QUOTED_INCLUDE_IN_FRAMEWORK_HEADER = YES;
				CLANG_WARN_RANGE_LOOP_ANALYSIS = YES;
				CLANG_WARN_STRICT_PROTOTYPES = YES;
				CLANG_WARN_SUSPICIOUS_MOVE = YES;
				CLANG_WARN_UNGUARDED_AVAILABILITY = YES_AGGRESSIVE;
				CLANG_WARN_UNREACHABLE_CODE = YES;
				CLANG_WARN__DUPLICATE_METHOD_MATCH = YES;
				COPY_PHASE_STRIP = NO;
				DEBUG_INFORMATION_FORMAT = "dwarf-with-dsym";
				DEVELOPMENT_TEAM = 4593AW3R2Z;
				ENABLE_NS_ASSERTIONS = NO;
				ENABLE_STRICT_OBJC_MSGSEND = YES;
				ENABLE_USER_SCRIPT_SANDBOXING = YES;
				GCC_C_LANGUAGE_STANDARD = gnu11;
				GCC_NO_COMMON_BLOCKS = YES;
				GCC_WARN_64_TO_32_BIT_CONVERSION = YES;
				GCC_WARN_ABOUT_RETURN_TYPE = YES_ERROR;
				GCC_WARN_UNDECLARED_SELECTOR = YES;
				GCC_WARN_UNINITIALIZED_AUTOS = YES_AGGRESSIVE;
				GCC_WARN_UNUSED_FUNCTION = YES;
				GCC_WARN_UNUSED_VARIABLE = YES;
				IPHONEOS_DEPLOYMENT_TARGET = 16.0;
				MTL_ENABLE_DEBUG_INFO = NO;
				MTL_FAST_MATH = YES;
				PRODUCT_NAME = "$(TARGET_NAME)";
				SDKROOT = iphoneos;
				STRING_CATALOG_GENERATE_SYMBOLS = YES;
				SWIFT_COMPILATION_MODE = wholemodule;
				SWIFT_OPTIMIZATION_LEVEL = "-O";
				SWIFT_VERSION = 5.9;
			};
			name = Release;
		};
		7F820F61F6FA63427537DC71 /* Debug */ = {
			isa = XCBuildConfiguration;
			buildSettings = {
				ASSETCATALOG_COMPILER_APPICON_NAME = AppIcon;
				ASSETCATALOG_COMPILER_GLOBAL_ACCENT_COLOR_NAME = AccentColor;
				CODE_SIGN_IDENTITY = "iPhone Developer";
				CURRENT_PROJECT_VERSION = 1;
				GENERATE_INFOPLIST_FILE = YES;
				INFOPLIST_GENERATION_MODE = GeneratedFile;
				INFOPLIST_KEY_NSMicrophoneUsageDescription = "PaniPuri needs audio access for playback";
				INFOPLIST_KEY_UIApplicationSceneManifest_Generation = YES;
				INFOPLIST_KEY_UIApplicationSupportsIndirectInputEvents = YES;
				INFOPLIST_KEY_UILaunchScreen_Generation = YES;
				INFOPLIST_KEY_UISupportedInterfaceOrientations_iPad = "UIInterfaceOrientationPortrait UIInterfaceOrientationPortraitUpsideDown UIInterfaceOrientationLandscapeLeft UIInterfaceOrientationLandscapeRight";
				INFOPLIST_KEY_UISupportedInterfaceOrientations_iPhone = "UIInterfaceOrientationPortrait UIInterfaceOrientationLandscapeLeft UIInterfaceOrientationLandscapeRight";
				LD_RUNPATH_SEARCH_PATHS = (
					"$(inherited)",
					"@executable_path/Frameworks",
				);
				MARKETING_VERSION = 1.0;
				PRODUCT_BUNDLE_IDENTIFIER = com.plewis.PaniPuri;
				SDKROOT = iphoneos;
				SUPPORTS_MACCATALYST = NO;
				TARGETED_DEVICE_FAMILY = "1,2";
			};
			name = Debug;
		};
		C296E2202FD1D613A5337449 /* Release */ = {
			isa = XCBuildConfiguration;
			buildSettings = {
				ASSETCATALOG_COMPILER_APPICON_NAME = AppIcon;
				ASSETCATALOG_COMPILER_GLOBAL_ACCENT_COLOR_NAME = AccentColor;
				CODE_SIGN_IDENTITY = "iPhone Developer";
				CURRENT_PROJECT_VERSION = 1;
				GENERATE_INFOPLIST_FILE = YES;
				INFOPLIST_GENERATION_MODE = GeneratedFile;
				INFOPLIST_KEY_NSMicrophoneUsageDescription = "PaniPuri needs audio access for playback";
				INFOPLIST_KEY_UIApplicationSceneManifest_Generation = YES;
				INFOPLIST_KEY_UIApplicationSupportsIndirectInputEvents = YES;
				INFOPLIST_KEY_UILaunchScreen_Generation = YES;
				INFOPLIST_KEY_UISupportedInterfaceOrientations_iPad = "UIInterfaceOrientationPortrait UIInterfaceOrientationPortraitUpsideDown UIInterfaceOrientationLandscapeLeft UIInterfaceOrientationLandscapeRight";
				INFOPLIST_KEY_UISupportedInterfaceOrientations_iPhone = "UIInterfaceOrientationPortrait UIInterfaceOrientationLandscapeLeft UIInterfaceOrientationLandscapeRight";
				LD_RUNPATH_SEARCH_PATHS = (
					"$(inherited)",
					"@executable_path/Frameworks",
				);
				MARKETING_VERSION = 1.0;
				PRODUCT_BUNDLE_IDENTIFIER = com.plewis.PaniPuri;
				SDKROOT = iphoneos;
				SUPPORTS_MACCATALYST = NO;
				TARGETED_DEVICE_FAMILY = "1,2";
			};
			name = Release;
		};
		E9745A229B37EBE72C640A71 /* Debug */ = {
			isa = XCBuildConfiguration;
			buildSettings = {
				ALWAYS_SEARCH_USER_PATHS = NO;
				CLANG_ANALYZER_NONNULL = YES;
				CLANG_ANALYZER_NUMBER_OBJECT_CONVERSION = YES_AGGRESSIVE;
				CLANG_CXX_LANGUAGE_STANDARD = "gnu++14";
				CLANG_CXX_LIBRARY = "libc++";
				CLANG_ENABLE_MODULES = YES;
				CLANG_ENABLE_OBJC_ARC = YES;
				CLANG_ENABLE_OBJC_WEAK = YES;
				CLANG_WARN_BLOCK_CAPTURE_AUTORELEASING = YES;
				CLANG_WARN_BOOL_CONVERSION = YES;
				CLANG_WARN_COMMA = YES;
				CLANG_WARN_CONSTANT_CONVERSION = YES;
				CLANG_WARN_DEPRECATED_OBJC_IMPLEMENTATIONS = YES;
				CLANG_WARN_DIRECT_OBJC_ISA_USAGE = YES_ERROR;
				CLANG_WARN_DOCUMENTATION_COMMENTS = YES;
				CLANG_WARN_EMPTY_BODY = YES;
				CLANG_WARN_ENUM_CONVERSION = YES;
				CLANG_WARN_INFINITE_RECURSION = YES;
				CLANG_WARN_INT_CONVERSION = YES;
				CLANG_WARN_NON_LITERAL_NULL_CONVERSION = YES;
				CLANG_WARN_OBJC_IMPLICIT_RETAIN_SELF = YES;
				CLANG_WARN_OBJC_LITERAL_CONVERSION = YES;
				CLANG_WARN_OBJC_ROOT_CLASS = YES_ERROR;
				CLANG_WARN_QUOTED_INCLUDE_IN_FRAMEWORK_HEADER = YES;
				CLANG_WARN_RANGE_LOOP_ANALYSIS = YES;
				CLANG_WARN_STRICT_PROTOTYPES = YES;
				CLANG_WARN_SUSPICIOUS_MOVE = YES;
				CLANG_WARN_UNGUARDED_AVAILABILITY = YES_AGGRESSIVE;
				CLANG_WARN_UNREACHABLE_CODE = YES;
				CLANG_WARN__DUPLICATE_METHOD_MATCH = YES;
				COPY_PHASE_STRIP = NO;
				DEBUG_INFORMATION_FORMAT = dwarf;
				DEVELOPMENT_TEAM = 4593AW3R2Z;
				ENABLE_STRICT_OBJC_MSGSEND = YES;
				ENABLE_TESTABILITY = YES;
				ENABLE_USER_SCRIPT_SANDBOXING = YES;
				GCC_C_LANGUAGE_STANDARD = gnu11;
				GCC_DYNAMIC_NO_PIC = NO;
				GCC_NO_COMMON_BLOCKS = YES;
				GCC_OPTIMIZATION_LEVEL = 0;
				GCC_PREPROCESSOR_DEFINITIONS = (
					"$(inherited)",
					"DEBUG=1",
				);
				GCC_WARN_64_TO_32_BIT_CONVERSION = YES;
				GCC_WARN_ABOUT_RETURN_TYPE = YES_ERROR;
				GCC_WARN_UNDECLARED_SELECTOR = YES;
				GCC_WARN_UNINITIALIZED_AUTOS = YES_AGGRESSIVE;
				GCC_WARN_UNUSED_FUNCTION = YES;
				GCC_WARN_UNUSED_VARIABLE = YES;
				IPHONEOS_DEPLOYMENT_TARGET = 16.0;
				MTL_ENABLE_DEBUG_INFO = INCLUDE_SOURCE;
				MTL_FAST_MATH = YES;
				ONLY_ACTIVE_ARCH = YES;
				PRODUCT_NAME = "$(TARGET_NAME)";
				SDKROOT = iphoneos;
				STRING_CATALOG_GENERATE_SYMBOLS = YES;
				SWIFT_ACTIVE_COMPILATION_CONDITIONS = DEBUG;
				SWIFT_OPTIMIZATION_LEVEL = "-Onone";
				SWIFT_VERSION = 5.9;
			};
			name = Debug;
		};
/* End XCBuildConfiguration section */

/* Begin XCConfigurationList section */
		41A15F8839C9E41367F94691 /* Build configuration list for PBXNativeTarget "PaniPuri" */ = {
			isa = XCConfigurationList;
			buildConfigurations = (
				7F820F61F6FA63427537DC71 /* Debug */,
				C296E2202FD1D613A5337449 /* Release */,
			);
			defaultConfigurationIsVisible = 0;
			defaultConfigurationName = Debug;
		};
		5921622B7FD4EF3CE5268BE9 /* Build configuration list for PBXProject "PaniPuri" */ = {
			isa = XCConfigurationList;
			buildConfigurations = (
				E9745A229B37EBE72C640A71 /* Debug */,
				29A8A9ABC02ADD0BF12EA0AA /* Release */,
			);
			defaultConfigurationIsVisible = 0;
			defaultConfigurationName = Debug;
		};
/* End XCConfigurationList section */
	};
	rootObject = A8EEFCD1DF4FDCC6813AB42E /* Project object */;
}
